
Microsoft Visual Studio Solution File, Format Version 12.00
# Visual Studio Version 16
VisualStudioVersion = 16.0.30517.126
MinimumVisualStudioVersion = 10.0.40219.1
Project("{FAE04EC0-301F-11D3-BF4B-00C04F79EFBC}") = "AddressBook", "AddressBook.csproj", "{F5AFFA75-AB3F-4AAE-8E44-F53C526AFD88}"
EndProject
Global
	GlobalSection(SolutionConfigurationPlatforms) = preSolution
		Debug|Any CPU = Debug|Any CPU
		Release|Any CPU = Release|Any CPU
	EndGlobalSection
	GlobalSection(ProjectConfigurationPlatforms) = postSolution
		{F5AFFA75-AB3F-4AAE-8E44-F53C526AFD88}.Debug|Any CPU.ActiveCfg = Debug|Any CPU
		{F5AFFA75-AB3F-4AAE-8E44-F53C526AFD88}.Debug|Any CPU.Build.0 = Debug|Any CPU
		{F5AFFA75-AB3F-4AAE-8E44-F53C526AFD88}.Release|Any CPU.ActiveCfg = Release|Any CPU
		{F5AFFA75-AB3F-4AAE-8E44-F53C526AFD88}.Release|Any CPU.Build.0 = Release|Any CPU
	EndGlobalSection
	GlobalSection(SolutionProperties) = preSolution
		HideSolutionNode = FALSE
	EndGlobalSection
	GlobalSection(ExtensibilityGlobals) = postSolution
		SolutionGuid = {257E0DEC-96A1-45A1-9104-9ACB562DDD2F}
	EndGlobalSection
EndGlobal
